
Microsoft Visual Studio Solution File, Format Version 12.00
# Visual Studio Version 16
VisualStudioVersion = 16.0.30114.105
MinimumVisualStudioVersion = 10.0.40219.1
Project("{2150E333-8FDC-42A3-9474-1A3956D46DE8}") = "Src", "Src", "{FB7C36A8-6427-464F-A896-8EEB5F71E486}"
EndProject
Project("{FAE04EC0-301F-11D3-BF4B-00C04F79EFBC}") = "Pdfin", "Src\Pdfin\Pdfin.csproj", "{AB192900-613C-4A27-8E63-E9831363BB81}"
EndProject
Global
	GlobalSection(SolutionConfigurationPlatforms) = preSolution
		Debug|Any CPU = Debug|Any CPU
		Release|Any CPU = Release|Any CPU
	EndGlobalSection
	GlobalSection(SolutionProperties) = preSolution
		HideSolutionNode = FALSE
	EndGlobalSection
	GlobalSection(ProjectConfigurationPlatforms) = postSolution
		{AB192900-613C-4A27-8E63-E9831363BB81}.Debug|Any CPU.ActiveCfg = Debug|Any CPU
		{AB192900-613C-4A27-8E63-E9831363BB81}.Debug|Any CPU.Build.0 = Debug|Any CPU
		{AB192900-613C-4A27-8E63-E9831363BB81}.Release|Any CPU.ActiveCfg = Release|Any CPU
		{AB192900-613C-4A27-8E63-E9831363BB81}.Release|Any CPU.Build.0 = Release|Any CPU
	EndGlobalSection
	GlobalSection(NestedProjects) = preSolution
		{AB192900-613C-4A27-8E63-E9831363BB81} = {FB7C36A8-6427-464F-A896-8EEB5F71E486}
	EndGlobalSection
EndGlobal
